
Microsoft Visual Studio Solution File, Format Version 12.00
# Visual Studio Version 16
VisualStudioVersion = 16.0.30413.136
MinimumVisualStudioVersion = 10.0.40219.1
Project("{FAE04EC0-301F-11D3-BF4B-00C04F79EFBC}") = "Student Report Generator", "Student Report Generator\Student Report Generator.csproj", "{94CE62BC-4F95-4736-B7DE-163615528E4C}"
EndProject
Global
	GlobalSection(SolutionConfigurationPlatforms) = preSolution
		Debug|Any CPU = Debug|Any CPU
		Release|Any CPU = Release|Any CPU
	EndGlobalSection
	GlobalSection(ProjectConfigurationPlatforms) = postSolution
		{94CE62BC-4F95-4736-B7DE-163615528E4C}.Debug|Any CPU.ActiveCfg = Debug|Any CPU
		{94CE62BC-4F95-4736-B7DE-163615528E4C}.Debug|Any CPU.Build.0 = Debug|Any CPU
		{94CE62BC-4F95-4736-B7DE-163615528E4C}.Release|Any CPU.ActiveCfg = Release|Any CPU
		{94CE62BC-4F95-4736-B7DE-163615528E4C}.Release|Any CPU.Build.0 = Release|Any CPU
	EndGlobalSection
	GlobalSection(SolutionProperties) = preSolution
		HideSolutionNode = FALSE
	EndGlobalSection
	GlobalSection(ExtensibilityGlobals) = postSolution
		SolutionGuid = {E77C1E86-FB6B-4098-9CA3-D9A7194A698B}
	EndGlobalSection
EndGlobal
